// !$*UTF8*$!
{
	archiveVersion = 1;
	classes = {
	};
	objectVersion = 52;
	objects = {

/* Begin PBXBuildFile section */
		8E8C533C23F1A03700FEAF85 /* AppDelegate.swift in Sources */ = {isa = PBXBuildFile; fileRef = 8E8C533B23F1A03700FEAF85 /* AppDelegate.swift */; };
		8E8C533E23F1A03700FEAF85 /* ContentView.swift in Sources */ = {isa = PBXBuildFile; fileRef = 8E8C533D23F1A03700FEAF85 /* ContentView.swift */; };
		8E8C534023F1A03800FEAF85 /* Assets.xcassets in Resources */ = {isa = PBXBuildFile; fileRef = 8E8C533F23F1A03800FEAF85 /* Assets.xcassets */; };
		8E8C534323F1A03800FEAF85 /* Preview Assets.xcassets in Resources */ = {isa = PBXBuildFile; fileRef = 8E8C534223F1A03800FEAF85 /* Preview Assets.xcassets */; };
		8E8C534623F1A03800FEAF85 /* Main.storyboard in Resources */ = {isa = PBXBuildFile; fileRef = 8E8C534423F1A03800FEAF85 /* Main.storyboard */; };
		8E8C534E23F1A04200FEAF85 /* Logging in Frameworks */ = {isa = PBXBuildFile; productRef = 8E8C534D23F1A04200FEAF85 /* Logging */; };
		8E8C535B23F1A06300FEAF85 /* AppDelegate.swift in Sources */ = {isa = PBXBuildFile; fileRef = 8E8C535A23F1A06300FEAF85 /* AppDelegate.swift */; };
		8E8C535D23F1A06300FEAF85 /* ContentView.swift in Sources */ = {isa = PBXBuildFile; fileRef = 8E8C535C23F1A06300FEAF85 /* ContentView.swift */; };
		8E8C535F23F1A06300FEAF85 /* Assets.xcassets in Resources */ = {isa = PBXBuildFile; fileRef = 8E8C535E23F1A06300FEAF85 /* Assets.xcassets */; };
		8E8C536223F1A06300FEAF85 /* Preview Assets.xcassets in Resources */ = {isa = PBXBuildFile; fileRef = 8E8C536123F1A06300FEAF85 /* Preview Assets.xcassets */; };
		8E8C536523F1A06400FEAF85 /* Main.storyboard in Resources */ = {isa = PBXBuildFile; fileRef = 8E8C536323F1A06300FEAF85 /* Main.storyboard */; };
		8E8C536C23F1A06700FEAF85 /* Logging in Frameworks */ = {isa = PBXBuildFile; productRef = 8E8C536B23F1A06700FEAF85 /* Logging */; };
		8E8C536D23F1A06A00FEAF85 /* BrokenStaticLibMacOSHelper.app in Resources */ = {isa = PBXBuildFile; fileRef = 8E8C535823F1A06300FEAF85 /* BrokenStaticLibMacOSHelper.app */; };
		8E8C537423F1A11E00FEAF85 /* BrokenStaticLibMacOSHelper.app in CopyFiles */ = {isa = PBXBuildFile; fileRef = 8E8C535823F1A06300FEAF85 /* BrokenStaticLibMacOSHelper.app */; settings = {ATTRIBUTES = (RemoveHeadersOnCopy, ); }; };
/* End PBXBuildFile section */

/* Begin PBXContainerItemProxy section */
		8E8C535223F1A05000FEAF85 /* PBXContainerItemProxy */ = {
			isa = PBXContainerItemProxy;
			containerPortal = 8E8C531423F19FE500FEAF85 /* Project object */;
			proxyType = 1;
			remoteGlobalIDString = 8E8C531B23F19FE500FEAF85;
			remoteInfo = BrokenStaticLib;
		};
		8E8C536E23F1A06A00FEAF85 /* PBXContainerItemProxy */ = {
			isa = PBXContainerItemProxy;
			containerPortal = 8E8C531423F19FE500FEAF85 /* Project object */;
			proxyType = 1;
			remoteGlobalIDString = 8E8C535723F1A06300FEAF85;
			remoteInfo = BrokenStaticLibMacOSHelper;
		};
		8E8C537023F1A0CF00FEAF85 /* PBXContainerItemProxy */ = {
			isa = PBXContainerItemProxy;
			containerPortal = 8E8C531423F19FE500FEAF85 /* Project object */;
			proxyType = 1;
			remoteGlobalIDString = 8E8C535723F1A06300FEAF85;
			remoteInfo = BrokenStaticLibMacOSHelper;
		};
/* End PBXContainerItemProxy section */

/* Begin PBXCopyFilesBuildPhase section */
		8E8C537323F1A11200FEAF85 /* CopyFiles */ = {
			isa = PBXCopyFilesBuildPhase;
			buildActionMask = 2147483647;
			dstPath = Contents/Applications;
			dstSubfolderSpec = 6;
			files = (
				8E8C537423F1A11E00FEAF85 /* BrokenStaticLibMacOSHelper.app in CopyFiles */,
			);
			runOnlyForDeploymentPostprocessing = 0;
		};
/* End PBXCopyFilesBuildPhase section */

/* Begin PBXFileReference section */
		8E8C533923F1A03700FEAF85 /* BrokenStaticLibMacOS.app */ = {isa = PBXFileReference; explicitFileType = wrapper.application; includeInIndex = 0; path = BrokenStaticLibMacOS.app; sourceTree = BUILT_PRODUCTS_DIR; };
		8E8C533B23F1A03700FEAF85 /* AppDelegate.swift */ = {isa = PBXFileReference; lastKnownFileType = sourcecode.swift; path = AppDelegate.swift; sourceTree = "<group>"; };
		8E8C533D23F1A03700FEAF85 /* ContentView.swift */ = {isa = PBXFileReference; lastKnownFileType = sourcecode.swift; path = ContentView.swift; sourceTree = "<group>"; };
		8E8C533F23F1A03800FEAF85 /* Assets.xcassets */ = {isa = PBXFileReference; lastKnownFileType = folder.assetcatalog; path = Assets.xcassets; sourceTree = "<group>"; };
		8E8C534223F1A03800FEAF85 /* Preview Assets.xcassets */ = {isa = PBXFileReference; lastKnownFileType = folder.assetcatalog; path = "Preview Assets.xcassets"; sourceTree = "<group>"; };
		8E8C534523F1A03800FEAF85 /* Base */ = {isa = PBXFileReference; lastKnownFileType = file.storyboard; name = Base; path = Base.lproj/Main.storyboard; sourceTree = "<group>"; };
		8E8C534723F1A03800FEAF85 /* Info.plist */ = {isa = PBXFileReference; lastKnownFileType = text.plist.xml; path = Info.plist; sourceTree = "<group>"; };
		8E8C534823F1A03900FEAF85 /* BrokenStaticLibMacOS.entitlements */ = {isa = PBXFileReference; lastKnownFileType = text.plist.entitlements; path = BrokenStaticLibMacOS.entitlements; sourceTree = "<group>"; };
		8E8C535823F1A06300FEAF85 /* BrokenStaticLibMacOSHelper.app */ = {isa = PBXFileReference; explicitFileType = wrapper.application; includeInIndex = 0; path = BrokenStaticLibMacOSHelper.app; sourceTree = BUILT_PRODUCTS_DIR; };
		8E8C535A23F1A06300FEAF85 /* AppDelegate.swift */ = {isa = PBXFileReference; lastKnownFileType = sourcecode.swift; path = AppDelegate.swift; sourceTree = "<group>"; };
		8E8C535C23F1A06300FEAF85 /* ContentView.swift */ = {isa = PBXFileReference; lastKnownFileType = sourcecode.swift; path = ContentView.swift; sourceTree = "<group>"; };
		8E8C535E23F1A06300FEAF85 /* Assets.xcassets */ = {isa = PBXFileReference; lastKnownFileType = folder.assetcatalog; path = Assets.xcassets; sourceTree = "<group>"; };
		8E8C536123F1A06300FEAF85 /* Preview Assets.xcassets */ = {isa = PBXFileReference; lastKnownFileType = folder.assetcatalog; path = "Preview Assets.xcassets"; sourceTree = "<group>"; };
		8E8C536423F1A06400FEAF85 /* Base */ = {isa = PBXFileReference; lastKnownFileType = file.storyboard; name = Base; path = Base.lproj/Main.storyboard; sourceTree = "<group>"; };
		8E8C536623F1A06400FEAF85 /* Info.plist */ = {isa = PBXFileReference; lastKnownFileType = text.plist.xml; path = Info.plist; sourceTree = "<group>"; };
		8E8C536723F1A06400FEAF85 /* BrokenStaticLibMacOSHelper.entitlements */ = {isa = PBXFileReference; lastKnownFileType = text.plist.entitlements; path = BrokenStaticLibMacOSHelper.entitlements; sourceTree = "<group>"; };
/* End PBXFileReference section */

/* Begin PBXFrameworksBuildPhase section */
		8E8C533623F1A03700FEAF85 /* Frameworks */ = {
			isa = PBXFrameworksBuildPhase;
			buildActionMask = 2147483647;
			files = (
				8E8C534E23F1A04200FEAF85 /* Logging in Frameworks */,
			);
			runOnlyForDeploymentPostprocessing = 0;
		};
		8E8C535523F1A06300FEAF85 /* Frameworks */ = {
			isa = PBXFrameworksBuildPhase;
			buildActionMask = 2147483647;
			files = (
				8E8C536C23F1A06700FEAF85 /* Logging in Frameworks */,
			);
			runOnlyForDeploymentPostprocessing = 0;
		};
/* End PBXFrameworksBuildPhase section */

/* Begin PBXGroup section */
		8E8C531323F19FE500FEAF85 = {
			isa = PBXGroup;
			children = (
				8E8C533A23F1A03700FEAF85 /* BrokenStaticLibMacOS */,
				8E8C535923F1A06300FEAF85 /* BrokenStaticLibMacOSHelper */,
				8E8C531D23F19FE500FEAF85 /* Products */,
				8E8C534C23F1A04200FEAF85 /* Frameworks */,
			);
			sourceTree = "<group>";
		};
		8E8C531D23F19FE500FEAF85 /* Products */ = {
			isa = PBXGroup;
			children = (
				8E8C533923F1A03700FEAF85 /* BrokenStaticLibMacOS.app */,
				8E8C535823F1A06300FEAF85 /* BrokenStaticLibMacOSHelper.app */,
			);
			name = Products;
			sourceTree = "<group>";
		};
		8E8C533A23F1A03700FEAF85 /* BrokenStaticLibMacOS */ = {
			isa = PBXGroup;
			children = (
				8E8C533B23F1A03700FEAF85 /* AppDelegate.swift */,
				8E8C533D23F1A03700FEAF85 /* ContentView.swift */,
				8E8C533F23F1A03800FEAF85 /* Assets.xcassets */,
				8E8C534423F1A03800FEAF85 /* Main.storyboard */,
				8E8C534723F1A03800FEAF85 /* Info.plist */,
				8E8C534823F1A03900FEAF85 /* BrokenStaticLibMacOS.entitlements */,
				8E8C534123F1A03800FEAF85 /* Preview Content */,
			);
			path = BrokenStaticLibMacOS;
			sourceTree = "<group>";
		};
		8E8C534123F1A03800FEAF85 /* Preview Content */ = {
			isa = PBXGroup;
			children = (
				8E8C534223F1A03800FEAF85 /* Preview Assets.xcassets */,
			);
			path = "Preview Content";
			sourceTree = "<group>";
		};
		8E8C534C23F1A04200FEAF85 /* Frameworks */ = {
			isa = PBXGroup;
			children = (
			);
			name = Frameworks;
			sourceTree = "<group>";
		};
		8E8C535923F1A06300FEAF85 /* BrokenStaticLibMacOSHelper */ = {
			isa = PBXGroup;
			children = (
				8E8C535A23F1A06300FEAF85 /* AppDelegate.swift */,
				8E8C535C23F1A06300FEAF85 /* ContentView.swift */,
				8E8C535E23F1A06300FEAF85 /* Assets.xcassets */,
				8E8C536323F1A06300FEAF85 /* Main.storyboard */,
				8E8C536623F1A06400FEAF85 /* Info.plist */,
				8E8C536723F1A06400FEAF85 /* BrokenStaticLibMacOSHelper.entitlements */,
				8E8C536023F1A06300FEAF85 /* Preview Content */,
			);
			path = BrokenStaticLibMacOSHelper;
			sourceTree = "<group>";
		};
		8E8C536023F1A06300FEAF85 /* Preview Content */ = {
			isa = PBXGroup;
			children = (
				8E8C536123F1A06300FEAF85 /* Preview Assets.xcassets */,
			);
			path = "Preview Content";
			sourceTree = "<group>";
		};
/* End PBXGroup section */

/* Begin PBXNativeTarget section */
		8E8C533823F1A03700FEAF85 /* BrokenStaticLibMacOS */ = {
			isa = PBXNativeTarget;
			buildConfigurationList = 8E8C534923F1A03900FEAF85 /* Build configuration list for PBXNativeTarget "BrokenStaticLibMacOS" */;
			buildPhases = (
				8E8C533523F1A03700FEAF85 /* Sources */,
				8E8C533623F1A03700FEAF85 /* Frameworks */,
				8E8C533723F1A03700FEAF85 /* Resources */,
				8E8C537323F1A11200FEAF85 /* CopyFiles */,
			);
			buildRules = (
			);
			dependencies = (
				8E8C535323F1A05000FEAF85 /* PBXTargetDependency */,
				8E8C536F23F1A06A00FEAF85 /* PBXTargetDependency */,
				8E8C537123F1A0CF00FEAF85 /* PBXTargetDependency */,
			);
			name = BrokenStaticLibMacOS;
			packageProductDependencies = (
				8E8C534D23F1A04200FEAF85 /* Logging */,
			);
			productName = BrokenStaticLibMacOS;
			productReference = 8E8C533923F1A03700FEAF85 /* BrokenStaticLibMacOS.app */;
			productType = "com.apple.product-type.application";
		};
		8E8C535723F1A06300FEAF85 /* BrokenStaticLibMacOSHelper */ = {
			isa = PBXNativeTarget;
			buildConfigurationList = 8E8C536823F1A06400FEAF85 /* Build configuration list for PBXNativeTarget "BrokenStaticLibMacOSHelper" */;
			buildPhases = (
				8E8C535423F1A06300FEAF85 /* Sources */,
				8E8C535523F1A06300FEAF85 /* Frameworks */,
				8E8C535623F1A06300FEAF85 /* Resources */,
			);
			buildRules = (
			);
			dependencies = (
			);
			name = BrokenStaticLibMacOSHelper;
			packageProductDependencies = (
				8E8C536B23F1A06700FEAF85 /* Logging */,
			);
			productName = BrokenStaticLibMacOSHelper;
			productReference = 8E8C535823F1A06300FEAF85 /* BrokenStaticLibMacOSHelper.app */;
			productType = "com.apple.product-type.application";
		};
/* End PBXNativeTarget section */

/* Begin PBXProject section */
		8E8C531423F19FE500FEAF85 /* Project object */ = {
			isa = PBXProject;
			attributes = {
				LastSwiftUpdateCheck = 1140;
				LastUpgradeCheck = 1140;
				ORGANIZATIONNAME = "Marius Landwehr";
				TargetAttributes = {
					8E8C533823F1A03700FEAF85 = {
						CreatedOnToolsVersion = 11.4;
					};
					8E8C535723F1A06300FEAF85 = {
						CreatedOnToolsVersion = 11.4;
					};
				};
			};
			buildConfigurationList = 8E8C531723F19FE500FEAF85 /* Build configuration list for PBXProject "BrokenStaticLib" */;
			compatibilityVersion = "Xcode 9.3";
			developmentRegion = en;
			hasScannedForEncodings = 0;
			knownRegions = (
				en,
				Base,
			);
			mainGroup = 8E8C531323F19FE500FEAF85;
			packageReferences = (
				8E8C533223F1A01D00FEAF85 /* XCRemoteSwiftPackageReference "swift-log" */,
			);
			productRefGroup = 8E8C531D23F19FE500FEAF85 /* Products */;
			projectDirPath = "";
			projectRoot = "";
			targets = (
				8E8C533823F1A03700FEAF85 /* BrokenStaticLibMacOS */,
				8E8C535723F1A06300FEAF85 /* BrokenStaticLibMacOSHelper */,
			);
		};
/* End PBXProject section */

/* Begin PBXResourcesBuildPhase section */
		8E8C533723F1A03700FEAF85 /* Resources */ = {
			isa = PBXResourcesBuildPhase;
			buildActionMask = 2147483647;
			files = (
				8E8C536D23F1A06A00FEAF85 /* BrokenStaticLibMacOSHelper.app in Resources */,
				8E8C534623F1A03800FEAF85 /* Main.storyboard in Resources */,
				8E8C534323F1A03800FEAF85 /* Preview Assets.xcassets in Resources */,
				8E8C534023F1A03800FEAF85 /* Assets.xcassets in Resources */,
			);
			runOnlyForDeploymentPostprocessing = 0;
		};
		8E8C535623F1A06300FEAF85 /* Resources */ = {
			isa = PBXResourcesBuildPhase;
			buildActionMask = 2147483647;
			files = (
				8E8C536523F1A06400FEAF85 /* Main.storyboard in Resources */,
				8E8C536223F1A06300FEAF85 /* Preview Assets.xcassets in Resources */,
				8E8C535F23F1A06300FEAF85 /* Assets.xcassets in Resources */,
			);
			runOnlyForDeploymentPostprocessing = 0;
		};
/* End PBXResourcesBuildPhase section */

/* Begin PBXSourcesBuildPhase section */
		8E8C533523F1A03700FEAF85 /* Sources */ = {
			isa = PBXSourcesBuildPhase;
			buildActionMask = 2147483647;
			files = (
				8E8C533E23F1A03700FEAF85 /* ContentView.swift in Sources */,
				8E8C533C23F1A03700FEAF85 /* AppDelegate.swift in Sources */,
			);
			runOnlyForDeploymentPostprocessing = 0;
		};
		8E8C535423F1A06300FEAF85 /* Sources */ = {
			isa = PBXSourcesBuildPhase;
			buildActionMask = 2147483647;
			files = (
				8E8C535D23F1A06300FEAF85 /* ContentView.swift in Sources */,
				8E8C535B23F1A06300FEAF85 /* AppDelegate.swift in Sources */,
			);
			runOnlyForDeploymentPostprocessing = 0;
		};
/* End PBXSourcesBuildPhase section */

/* Begin PBXTargetDependency section */
		8E8C535323F1A05000FEAF85 /* PBXTargetDependency */ = {
			isa = PBXTargetDependency;
			targetProxy = 8E8C535223F1A05000FEAF85 /* PBXContainerItemProxy */;
		};
		8E8C536F23F1A06A00FEAF85 /* PBXTargetDependency */ = {
			isa = PBXTargetDependency;
			target = 8E8C535723F1A06300FEAF85 /* BrokenStaticLibMacOSHelper */;
			targetProxy = 8E8C536E23F1A06A00FEAF85 /* PBXContainerItemProxy */;
		};
		8E8C537123F1A0CF00FEAF85 /* PBXTargetDependency */ = {
			isa = PBXTargetDependency;
			target = 8E8C535723F1A06300FEAF85 /* BrokenStaticLibMacOSHelper */;
			targetProxy = 8E8C537023F1A0CF00FEAF85 /* PBXContainerItemProxy */;
		};
/* End PBXTargetDependency section */

/* Begin PBXVariantGroup section */
		8E8C534423F1A03800FEAF85 /* Main.storyboard */ = {
			isa = PBXVariantGroup;
			children = (
				8E8C534523F1A03800FEAF85 /* Base */,
			);
			name = Main.storyboard;
			sourceTree = "<group>";
		};
		8E8C536323F1A06300FEAF85 /* Main.storyboard */ = {
			isa = PBXVariantGroup;
			children = (
				8E8C536423F1A06400FEAF85 /* Base */,
			);
			name = Main.storyboard;
			sourceTree = "<group>";
		};
/* End PBXVariantGroup section */

/* Begin XCBuildConfiguration section */
		8E8C532D23F19FE700FEAF85 /* Debug */ = {
			isa = XCBuildConfiguration;
			buildSettings = {
				ALWAYS_SEARCH_USER_PATHS = NO;
				CLANG_ANALYZER_NONNULL = YES;
				CLANG_ANALYZER_NUMBER_OBJECT_CONVERSION = YES_AGGRESSIVE;
				CLANG_CXX_LANGUAGE_STANDARD = "gnu++14";
				CLANG_CXX_LIBRARY = "libc++";
				CLANG_ENABLE_MODULES = YES;
				CLANG_ENABLE_OBJC_ARC = YES;
				CLANG_ENABLE_OBJC_WEAK = YES;
				CLANG_WARN_BLOCK_CAPTURE_AUTORELEASING = YES;
				CLANG_WARN_BOOL_CONVERSION = YES;
				CLANG_WARN_COMMA = YES;
				CLANG_WARN_CONSTANT_CONVERSION = YES;
				CLANG_WARN_DEPRECATED_OBJC_IMPLEMENTATIONS = YES;
				CLANG_WARN_DIRECT_OBJC_ISA_USAGE = YES_ERROR;
				CLANG_WARN_DOCUMENTATION_COMMENTS = YES;
				CLANG_WARN_EMPTY_BODY = YES;
				CLANG_WARN_ENUM_CONVERSION = YES;
				CLANG_WARN_INFINITE_RECURSION = YES;
				CLANG_WARN_INT_CONVERSION = YES;
				CLANG_WARN_NON_LITERAL_NULL_CONVERSION = YES;
				CLANG_WARN_OBJC_IMPLICIT_RETAIN_SELF = YES;
				CLANG_WARN_OBJC_LITERAL_CONVERSION = YES;
				CLANG_WARN_OBJC_ROOT_CLASS = YES_ERROR;
				CLANG_WARN_RANGE_LOOP_ANALYSIS = YES;
				CLANG_WARN_STRICT_PROTOTYPES = YES;
				CLANG_WARN_SUSPICIOUS_MOVE = YES;
				CLANG_WARN_UNGUARDED_AVAILABILITY = YES_AGGRESSIVE;
				CLANG_WARN_UNREACHABLE_CODE = YES;
				CLANG_WARN__DUPLICATE_METHOD_MATCH = YES;
				COPY_PHASE_STRIP = NO;
				DEBUG_INFORMATION_FORMAT = dwarf;
				ENABLE_STRICT_OBJC_MSGSEND = YES;
				ENABLE_TESTABILITY = YES;
				GCC_C_LANGUAGE_STANDARD = gnu11;
				GCC_DYNAMIC_NO_PIC = NO;
				GCC_NO_COMMON_BLOCKS = YES;
				GCC_OPTIMIZATION_LEVEL = 0;
				GCC_PREPROCESSOR_DEFINITIONS = (
					"DEBUG=1",
					"$(inherited)",
				);
				GCC_WARN_64_TO_32_BIT_CONVERSION = YES;
				GCC_WARN_ABOUT_RETURN_TYPE = YES_ERROR;
				GCC_WARN_UNDECLARED_SELECTOR = YES;
				GCC_WARN_UNINITIALIZED_AUTOS = YES_AGGRESSIVE;
				GCC_WARN_UNUSED_FUNCTION = YES;
				GCC_WARN_UNUSED_VARIABLE = YES;
				MACOSX_DEPLOYMENT_TARGET = 10.15;
				MTL_ENABLE_DEBUG_INFO = INCLUDE_SOURCE;
				MTL_FAST_MATH = YES;
				ONLY_ACTIVE_ARCH = YES;
				SDKROOT = macosx;
				SWIFT_ACTIVE_COMPILATION_CONDITIONS = DEBUG;
				SWIFT_OPTIMIZATION_LEVEL = "-Onone";
			};
			name = Debug;
		};
		8E8C532E23F19FE700FEAF85 /* Release */ = {
			isa = XCBuildConfiguration;
			buildSettings = {
				ALWAYS_SEARCH_USER_PATHS = NO;
				CLANG_ANALYZER_NONNULL = YES;
				CLANG_ANALYZER_NUMBER_OBJECT_CONVERSION = YES_AGGRESSIVE;
				CLANG_CXX_LANGUAGE_STANDARD = "gnu++14";
				CLANG_CXX_LIBRARY = "libc++";
				CLANG_ENABLE_MODULES = YES;
				CLANG_ENABLE_OBJC_ARC = YES;
				CLANG_ENABLE_OBJC_WEAK = YES;
				CLANG_WARN_BLOCK_CAPTURE_AUTORELEASING = YES;
				CLANG_WARN_BOOL_CONVERSION = YES;
				CLANG_WARN_COMMA = YES;
				CLANG_WARN_CONSTANT_CONVERSION = YES;
				CLANG_WARN_DEPRECATED_OBJC_IMPLEMENTATIONS = YES;
				CLANG_WARN_DIRECT_OBJC_ISA_USAGE = YES_ERROR;
				CLANG_WARN_DOCUMENTATION_COMMENTS = YES;
				CLANG_WARN_EMPTY_BODY = YES;
				CLANG_WARN_ENUM_CONVERSION = YES;
				CLANG_WARN_INFINITE_RECURSION = YES;
				CLANG_WARN_INT_CONVERSION = YES;
				CLANG_WARN_NON_LITERAL_NULL_CONVERSION = YES;
				CLANG_WARN_OBJC_IMPLICIT_RETAIN_SELF = YES;
				CLANG_WARN_OBJC_LITERAL_CONVERSION = YES;
				CLANG_WARN_OBJC_ROOT_CLASS = YES_ERROR;
				CLANG_WARN_RANGE_LOOP_ANALYSIS = YES;
				CLANG_WARN_STRICT_PROTOTYPES = YES;
				CLANG_WARN_SUSPICIOUS_MOVE = YES;
				CLANG_WARN_UNGUARDED_AVAILABILITY = YES_AGGRESSIVE;
				CLANG_WARN_UNREACHABLE_CODE = YES;
				CLANG_WARN__DUPLICATE_METHOD_MATCH = YES;
				COPY_PHASE_STRIP = NO;
				DEBUG_INFORMATION_FORMAT = "dwarf-with-dsym";
				ENABLE_NS_ASSERTIONS = NO;
				ENABLE_STRICT_OBJC_MSGSEND = YES;
				GCC_C_LANGUAGE_STANDARD = gnu11;
				GCC_NO_COMMON_BLOCKS = YES;
				GCC_WARN_64_TO_32_BIT_CONVERSION = YES;
				GCC_WARN_ABOUT_RETURN_TYPE = YES_ERROR;
				GCC_WARN_UNDECLARED_SELECTOR = YES;
				GCC_WARN_UNINITIALIZED_AUTOS = YES_AGGRESSIVE;
				GCC_WARN_UNUSED_FUNCTION = YES;
				GCC_WARN_UNUSED_VARIABLE = YES;
				MACOSX_DEPLOYMENT_TARGET = 10.15;
				MTL_ENABLE_DEBUG_INFO = NO;
				MTL_FAST_MATH = YES;
				SDKROOT = macosx;
				SWIFT_COMPILATION_MODE = wholemodule;
				SWIFT_OPTIMIZATION_LEVEL = "-O";
			};
			name = Release;
		};
		8E8C534A23F1A03900FEAF85 /* Debug */ = {
			isa = XCBuildConfiguration;
			buildSettings = {
				ASSETCATALOG_COMPILER_APPICON_NAME = AppIcon;
				CODE_SIGN_ENTITLEMENTS = BrokenStaticLibMacOS/BrokenStaticLibMacOS.entitlements;
				CODE_SIGN_STYLE = Automatic;
				COMBINE_HIDPI_IMAGES = YES;
				DEVELOPMENT_ASSET_PATHS = "\"BrokenStaticLibMacOS/Preview Content\"";
				DEVELOPMENT_TEAM = US9PK3GZYH;
				ENABLE_HARDENED_RUNTIME = YES;
				ENABLE_PREVIEWS = YES;
				INFOPLIST_FILE = BrokenStaticLibMacOS/Info.plist;
				LD_RUNPATH_SEARCH_PATHS = (
					"$(inherited)",
					"@executable_path/../Frameworks",
				);
				MACOSX_DEPLOYMENT_TARGET = 10.15;
				PRODUCT_BUNDLE_IDENTIFIER = landwehr.marius.BrokenStaticLibMacOS;
				PRODUCT_NAME = "$(TARGET_NAME)";
				SWIFT_VERSION = 5.0;
			};
			name = Debug;
		};
		8E8C534B23F1A03900FEAF85 /* Release */ = {
			isa = XCBuildConfiguration;
			buildSettings = {
				ASSETCATALOG_COMPILER_APPICON_NAME = AppIcon;
				CODE_SIGN_ENTITLEMENTS = BrokenStaticLibMacOS/BrokenStaticLibMacOS.entitlements;
				CODE_SIGN_STYLE = Automatic;
				COMBINE_HIDPI_IMAGES = YES;
				DEVELOPMENT_ASSET_PATHS = "\"BrokenStaticLibMacOS/Preview Content\"";
				DEVELOPMENT_TEAM = US9PK3GZYH;
				ENABLE_HARDENED_RUNTIME = YES;
				ENABLE_PREVIEWS = YES;
				INFOPLIST_FILE = BrokenStaticLibMacOS/Info.plist;
				LD_RUNPATH_SEARCH_PATHS = (
					"$(inherited)",
					"@executable_path/../Frameworks",
				);
				MACOSX_DEPLOYMENT_TARGET = 10.15;
				PRODUCT_BUNDLE_IDENTIFIER = landwehr.marius.BrokenStaticLibMacOS;
				PRODUCT_NAME = "$(TARGET_NAME)";
				SWIFT_VERSION = 5.0;
			};
			name = Release;
		};
		8E8C536923F1A06400FEAF85 /* Debug */ = {
			isa = XCBuildConfiguration;
			buildSettings = {
				ASSETCATALOG_COMPILER_APPICON_NAME = AppIcon;
				CODE_SIGN_ENTITLEMENTS = BrokenStaticLibMacOSHelper/BrokenStaticLibMacOSHelper.entitlements;
				CODE_SIGN_STYLE = Automatic;
				COMBINE_HIDPI_IMAGES = YES;
				DEVELOPMENT_ASSET_PATHS = "\"BrokenStaticLibMacOSHelper/Preview Content\"";
				DEVELOPMENT_TEAM = US9PK3GZYH;
				ENABLE_HARDENED_RUNTIME = YES;
				ENABLE_PREVIEWS = YES;
				INFOPLIST_FILE = BrokenStaticLibMacOSHelper/Info.plist;
				LD_RUNPATH_SEARCH_PATHS = (
					"$(inherited)",
					"@executable_path/../Frameworks",
				);
				MACOSX_DEPLOYMENT_TARGET = 10.15;
				PRODUCT_BUNDLE_IDENTIFIER = landwehr.marius.BrokenStaticLibMacOSHelper;
				PRODUCT_NAME = "$(TARGET_NAME)";
				SWIFT_VERSION = 5.0;
			};
			name = Debug;
		};
		8E8C536A23F1A06400FEAF85 /* Release */ = {
			isa = XCBuildConfiguration;
			buildSettings = {
				ASSETCATALOG_COMPILER_APPICON_NAME = AppIcon;
				CODE_SIGN_ENTITLEMENTS = BrokenStaticLibMacOSHelper/BrokenStaticLibMacOSHelper.entitlements;
				CODE_SIGN_STYLE = Automatic;
				COMBINE_HIDPI_IMAGES = YES;
				DEVELOPMENT_ASSET_PATHS = "\"BrokenStaticLibMacOSHelper/Preview Content\"";
				DEVELOPMENT_TEAM = US9PK3GZYH;
				ENABLE_HARDENED_RUNTIME = YES;
				ENABLE_PREVIEWS = YES;
				INFOPLIST_FILE = BrokenStaticLibMacOSHelper/Info.plist;
				LD_RUNPATH_SEARCH_PATHS = (
					"$(inherited)",
					"@executable_path/../Frameworks",
				);
				MACOSX_DEPLOYMENT_TARGET = 10.15;
				PRODUCT_BUNDLE_IDENTIFIER = landwehr.marius.BrokenStaticLibMacOSHelper;
				PRODUCT_NAME = "$(TARGET_NAME)";
				SWIFT_VERSION = 5.0;
			};
			name = Release;
		};
/* End XCBuildConfiguration section */

/* Begin XCConfigurationList section */
		8E8C531723F19FE500FEAF85 /* Build configuration list for PBXProject "BrokenStaticLib" */ = {
			isa = XCConfigurationList;
			buildConfigurations = (
				8E8C532D23F19FE700FEAF85 /* Debug */,
				8E8C532E23F19FE700FEAF85 /* Release */,
			);
			defaultConfigurationIsVisible = 0;
			defaultConfigurationName = Release;
		};
		8E8C534923F1A03900FEAF85 /* Build configuration list for PBXNativeTarget "BrokenStaticLibMacOS" */ = {
			isa = XCConfigurationList;
			buildConfigurations = (
				8E8C534A23F1A03900FEAF85 /* Debug */,
				8E8C534B23F1A03900FEAF85 /* Release */,
			);
			defaultConfigurationIsVisible = 0;
			defaultConfigurationName = Release;
		};
		8E8C536823F1A06400FEAF85 /* Build configuration list for PBXNativeTarget "BrokenStaticLibMacOSHelper" */ = {
			isa = XCConfigurationList;
			buildConfigurations = (
				8E8C536923F1A06400FEAF85 /* Debug */,
				8E8C536A23F1A06400FEAF85 /* Release */,
			);
			defaultConfigurationIsVisible = 0;
			defaultConfigurationName = Release;
		};
/* End XCConfigurationList section */

/* Begin XCRemoteSwiftPackageReference section */
		8E8C533223F1A01D00FEAF85 /* XCRemoteSwiftPackageReference "swift-log" */ = {
			isa = XCRemoteSwiftPackageReference;
			repositoryURL = "https://github.com/apple/swift-log";
			requirement = {
				kind = upToNextMajorVersion;
				minimumVersion = 1.2.0;
			};
		};
/* End XCRemoteSwiftPackageReference section */

/* Begin XCSwiftPackageProductDependency section */
		8E8C534D23F1A04200FEAF85 /* Logging */ = {
			isa = XCSwiftPackageProductDependency;
			package = 8E8C533223F1A01D00FEAF85 /* XCRemoteSwiftPackageReference "swift-log" */;
			productName = Logging;
		};
		8E8C536B23F1A06700FEAF85 /* Logging */ = {
			isa = XCSwiftPackageProductDependency;
			package = 8E8C533223F1A01D00FEAF85 /* XCRemoteSwiftPackageReference "swift-log" */;
			productName = Logging;
		};
/* End XCSwiftPackageProductDependency section */
	};
	rootObject = 8E8C531423F19FE500FEAF85 /* Project object */;
}
